PODS:
  - OpenCV (3.3.1)
  - R.swift (4.0.0):
    - R.swift.Library (~> 4.0.0)
  - R.swift.Library (4.0.0)
  - Realm (3.5.0):
    - Realm/Headers (= 3.5.0)
  - Realm/Headers (3.5.0)
  - RealmSwift (3.5.0):
    - Realm (= 3.5.0)

DEPENDENCIES:
  - OpenCV
  - R.swift
  - RealmSwift

SPEC REPOS:
  https://github.com/CocoaPods/Specs.git:
    - OpenCV
    - R.swift
    - R.swift.Library
    - Realm
    - RealmSwift

SPEC CHECKSUMS:
  OpenCV: d81447860f038d60723084aa02ecc963f95c55fa
  R.swift: d6a5ec2f55a8441dc0ed9f1f8b37d7d11ae85c66
  R.swift.Library: c3af34921024333546e23b70e70d0b4e0cffca75
  Realm: 0378021c424e4e2bd6a0e63b27881e929d9b9ad1
  RealmSwift: 3322562622fda2ad596985ead4d8d8be30cf838c

PODFILE CHECKSUM: 2c786a0e42d4289dfce3c434b68245aa2f44e6dd

COCOAPODS: 1.5.0
